
Microsoft Visual Studio Solution File, Format Version 12.00
# Visual Studio Version 16
VisualStudioVersion = 16.0.29509.3
MinimumVisualStudioVersion = 10.0.40219.1
Project("{9A19103F-16F7-4668-BE54-9A1E7A4F7556}") = "BlazorMemoryTest", "BlazorMemoryTest.csproj", "{65986FF2-67EC-461F-A6D3-93D1552E2F01}"
EndProject
Global
	GlobalSection(SolutionConfigurationPlatforms) = preSolution
		Debug|Any CPU = Debug|Any CPU
		Release|Any CPU = Release|Any CPU
	EndGlobalSection
	GlobalSection(ProjectConfigurationPlatforms) = postSolution
		{65986FF2-67EC-461F-A6D3-93D1552E2F01}.Debug|Any CPU.ActiveCfg = Debug|Any CPU
		{65986FF2-67EC-461F-A6D3-93D1552E2F01}.Debug|Any CPU.Build.0 = Debug|Any CPU
		{65986FF2-67EC-461F-A6D3-93D1552E2F01}.Release|Any CPU.ActiveCfg = Release|Any CPU
		{65986FF2-67EC-461F-A6D3-93D1552E2F01}.Release|Any CPU.Build.0 = Release|Any CPU
	EndGlobalSection
	GlobalSection(SolutionProperties) = preSolution
		HideSolutionNode = FALSE
	EndGlobalSection
	GlobalSection(ExtensibilityGlobals) = postSolution
		SolutionGuid = {A2824090-CE13-4EE9-BE89-2999B6199DE4}
	EndGlobalSection
EndGlobal
